// !$*UTF8*$!
{
	archiveVersion = 1;
	classes = {
	};
	objectVersion = 48;
	objects = {

/* Begin PBXBuildFile section */
		DE79BEEF1FD9331D00D62950 /* AppDelegate.swift in Sources */ = {isa = PBXBuildFile; fileRef = DE79BEEE1FD9331D00D62950 /* AppDelegate.swift */; };
		DE79BEF11FD9331D00D62950 /* ViewController.swift in Sources */ = {isa = PBXBuildFile; fileRef = DE79BEF01FD9331D00D62950 /* ViewController.swift */; };
		DE79BEF41FD9331D00D62950 /* Main.storyboard in Resources */ = {isa = PBXBuildFile; fileRef = DE79BEF21FD9331D00D62950 /* Main.storyboard */; };
		DE79BEF61FD9331D00D62950 /* Assets.xcassets in Resources */ = {isa = PBXBuildFile; fileRef = DE79BEF51FD9331D00D62950 /* Assets.xcassets */; };
		DE79BEF91FD9331D00D62950 /* LaunchScreen.storyboard in Resources */ = {isa = PBXBuildFile; fileRef = DE79BEF71FD9331D00D62950 /* LaunchScreen.storyboard */; };
		DE79BF041FD9331D00D62950 /* TipCalculatorTests.swift in Sources */ = {isa = PBXBuildFile; fileRef = DE79BF031FD9331D00D62950 /* TipCalculatorTests.swift */; };
		DE79BF0F1FD9331D00D62950 /* TipCalculatorUITests.swift in Sources */ = {isa = PBXBuildFile; fileRef = DE79BF0E1FD9331D00D62950 /* TipCalculatorUITests.swift */; };
/* End PBXBuildFile section */

/* Begin PBXContainerItemProxy section */
		DE79BF001FD9331D00D62950 /* PBXContainerItemProxy */ = {
			isa = PBXContainerItemProxy;
			containerPortal = DE79BEE31FD9331D00D62950 /* Project object */;
			proxyType = 1;
			remoteGlobalIDString = DE79BEEA1FD9331D00D62950;
			remoteInfo = TipCalculator;
		};
		DE79BF0B1FD9331D00D62950 /* PBXContainerItemProxy */ = {
			isa = PBXContainerItemProxy;
			containerPortal = DE79BEE31FD9331D00D62950 /* Project object */;
			proxyType = 1;
			remoteGlobalIDString = DE79BEEA1FD9331D00D62950;
			remoteInfo = TipCalculator;
		};
/* End PBXContainerItemProxy section */

/* Begin PBXFileReference section */
		DE79BEEB1FD9331D00D62950 /* TipCalculator.app */ = {isa = PBXFileReference; explicitFileType = wrapper.application; includeInIndex = 0; path = TipCalculator.app; sourceTree = BUILT_PRODUCTS_DIR; };
		DE79BEEE1FD9331D00D62950 /* AppDelegate.swift */ = {isa = PBXFileReference; lastKnownFileType = sourcecode.swift; path = AppDelegate.swift; sourceTree = "<group>"; };
		DE79BEF01FD9331D00D62950 /* ViewController.swift */ = {isa = PBXFileReference; lastKnownFileType = sourcecode.swift; path = ViewController.swift; sourceTree = "<group>"; };
		DE79BEF31FD9331D00D62950 /* Base */ = {isa = PBXFileReference; lastKnownFileType = file.storyboard; name = Base; path = Base.lproj/Main.storyboard; sourceTree = "<group>"; };
		DE79BEF51FD9331D00D62950 /* Assets.xcassets */ = {isa = PBXFileReference; lastKnownFileType = folder.assetcatalog; path = Assets.xcassets; sourceTree = "<group>"; };
		DE79BEF81FD9331D00D62950 /* Base */ = {isa = PBXFileReference; lastKnownFileType = file.storyboard; name = Base; path = Base.lproj/LaunchScreen.storyboard; sourceTree = "<group>"; };
		DE79BEFA1FD9331D00D62950 /* Info.plist */ = {isa = PBXFileReference; lastKnownFileType = text.plist.xml; path = Info.plist; sourceTree = "<group>"; };
		DE79BEFF1FD9331D00D62950 /* TipCalculatorTests.xctest */ = {isa = PBXFileReference; explicitFileType = wrapper.cfbundle; includeInIndex = 0; path = TipCalculatorTests.xctest; sourceTree = BUILT_PRODUCTS_DIR; };
		DE79BF031FD9331D00D62950 /* TipCalculatorTests.swift */ = {isa = PBXFileReference; lastKnownFileType = sourcecode.swift; path = TipCalculatorTests.swift; sourceTree = "<group>"; };
		DE79BF051FD9331D00D62950 /* Info.plist */ = {isa = PBXFileReference; lastKnownFileType = text.plist.xml; path = Info.plist; sourceTree = "<group>"; };
		DE79BF0A1FD9331D00D62950 /* TipCalculatorUITests.xctest */ = {isa = PBXFileReference; explicitFileType = wrapper.cfbundle; includeInIndex = 0; path = TipCalculatorUITests.xctest; sourceTree = BUILT_PRODUCTS_DIR; };
		DE79BF0E1FD9331D00D62950 /* TipCalculatorUITests.swift */ = {isa = PBXFileReference; lastKnownFileType = sourcecode.swift; path = TipCalculatorUITests.swift; sourceTree = "<group>"; };
		DE79BF101FD9331D00D62950 /* Info.plist */ = {isa = PBXFileReference; lastKnownFileType = text.plist.xml; path = Info.plist; sourceTree = "<group>"; };
/* End PBXFileReference section */

/* Begin PBXFrameworksBuildPhase section */
		DE79BEE81FD9331D00D62950 /* Frameworks */ = {
			isa = PBXFrameworksBuildPhase;
			buildActionMask = 2147483647;
			files = (
			);
			runOnlyForDeploymentPostprocessing = 0;
		};
		DE79BEFC1FD9331D00D62950 /* Frameworks */ = {
			isa = PBXFrameworksBuildPhase;
			buildActionMask = 2147483647;
			files = (
			);
			runOnlyForDeploymentPostprocessing = 0;
		};
		DE79BF071FD9331D00D62950 /* Frameworks */ = {
			isa = PBXFrameworksBuildPhase;
			buildActionMask = 2147483647;
			files = (
			);
			runOnlyForDeploymentPostprocessing = 0;
		};
/* End PBXFrameworksBuildPhase section */

/* Begin PBXGroup section */
		DE79BEE21FD9331D00D62950 = {
			isa = PBXGroup;
			children = (
				DE79BEED1FD9331D00D62950 /* TipCalculator */,
				DE79BF021FD9331D00D62950 /* TipCalculatorTests */,
				DE79BF0D1FD9331D00D62950 /* TipCalculatorUITests */,
				DE79BEEC1FD9331D00D62950 /* Products */,
			);
			sourceTree = "<group>";
		};
		DE79BEEC1FD9331D00D62950 /* Products */ = {
			isa = PBXGroup;
			children = (
				DE79BEEB1FD9331D00D62950 /* TipCalculator.app */,
				DE79BEFF1FD9331D00D62950 /* TipCalculatorTests.xctest */,
				DE79BF0A1FD9331D00D62950 /* TipCalculatorUITests.xctest */,
			);
			name = Products;
			sourceTree = "<group>";
		};
		DE79BEED1FD9331D00D62950 /* TipCalculator */ = {
			isa = PBXGroup;
			children = (
				DE79BEEE1FD9331D00D62950 /* AppDelegate.swift */,
				DE79BEF01FD9331D00D62950 /* ViewController.swift */,
				DE79BEF21FD9331D00D62950 /* Main.storyboard */,
				DE79BEF51FD9331D00D62950 /* Assets.xcassets */,
				DE79BEF71FD9331D00D62950 /* LaunchScreen.storyboard */,
				DE79BEFA1FD9331D00D62950 /* Info.plist */,
			);
			path = TipCalculator;
			sourceTree = "<group>";
		};
		DE79BF021FD9331D00D62950 /* TipCalculatorTests */ = {
			isa = PBXGroup;
			children = (
				DE79BF031FD9331D00D62950 /* TipCalculatorTests.swift */,
				DE79BF051FD9331D00D62950 /* Info.plist */,
			);
			path = TipCalculatorTests;
			sourceTree = "<group>";
		};
		DE79BF0D1FD9331D00D62950 /* TipCalculatorUITests */ = {
			isa = PBXGroup;
			children = (
				DE79BF0E1FD9331D00D62950 /* TipCalculatorUITests.swift */,
				DE79BF101FD9331D00D62950 /* Info.plist */,
			);
			path = TipCalculatorUITests;
			sourceTree = "<group>";
		};
/* End PBXGroup section */

/* Begin PBXNativeTarget section */
		DE79BEEA1FD9331D00D62950 /* TipCalculator */ = {
			isa = PBXNativeTarget;
			buildConfigurationList = DE79BF131FD9331D00D62950 /* Build configuration list for PBXNativeTarget "TipCalculator" */;
			buildPhases = (
				DE79BEE71FD9331D00D62950 /* Sources */,
				DE79BEE81FD9331D00D62950 /* Frameworks */,
				DE79BEE91FD9331D00D62950 /* Resources */,
			);
			buildRules = (
			);
			dependencies = (
			);
			name = TipCalculator;
			productName = TipCalculator;
			productReference = DE79BEEB1FD9331D00D62950 /* TipCalculator.app */;
			productType = "com.apple.product-type.application";
		};
		DE79BEFE1FD9331D00D62950 /* TipCalculatorTests */ = {
			isa = PBXNativeTarget;
			buildConfigurationList = DE79BF161FD9331D00D62950 /* Build configuration list for PBXNativeTarget "TipCalculatorTests" */;
			buildPhases = (
				DE79BEFB1FD9331D00D62950 /* Sources */,
				DE79BEFC1FD9331D00D62950 /* Frameworks */,
				DE79BEFD1FD9331D00D62950 /* Resources */,
			);
			buildRules = (
			);
			dependencies = (
				DE79BF011FD9331D00D62950 /* PBXTargetDependency */,
			);
			name = TipCalculatorTests;
			productName = TipCalculatorTests;
			productReference = DE79BEFF1FD9331D00D62950 /* TipCalculatorTests.xctest */;
			productType = "com.apple.product-type.bundle.unit-test";
		};
		DE79BF091FD9331D00D62950 /* TipCalculatorUITests */ = {
			isa = PBXNativeTarget;
			buildConfigurationList = DE79BF191FD9331D00D62950 /* Build configuration list for PBXNativeTarget "TipCalculatorUITests" */;
			buildPhases = (
				DE79BF061FD9331D00D62950 /* Sources */,
				DE79BF071FD9331D00D62950 /* Frameworks */,
				DE79BF081FD9331D00D62950 /* Resources */,
			);
			buildRules = (
			);
			dependencies = (
				DE79BF0C1FD9331D00D62950 /* PBXTargetDependency */,
			);
			name = TipCalculatorUITests;
			productName = TipCalculatorUITests;
			productReference = DE79BF0A1FD9331D00D62950 /* TipCalculatorUITests.xctest */;
			productType = "com.apple.product-type.bundle.ui-testing";
		};
/* End PBXNativeTarget section */

/* Begin PBXProject section */
		DE79BEE31FD9331D00D62950 /* Project object */ = {
			isa = PBXProject;
			attributes = {
				LastSwiftUpdateCheck = 0910;
				LastUpgradeCheck = 0910;
				ORGANIZATIONNAME = "Paul Hong";
				TargetAttributes = {
					DE79BEEA1FD9331D00D62950 = {
						CreatedOnToolsVersion = 9.1;
						ProvisioningStyle = Automatic;
					};
					DE79BEFE1FD9331D00D62950 = {
						CreatedOnToolsVersion = 9.1;
						ProvisioningStyle = Automatic;
						TestTargetID = DE79BEEA1FD9331D00D62950;
					};
					DE79BF091FD9331D00D62950 = {
						CreatedOnToolsVersion = 9.1;
						ProvisioningStyle = Automatic;
						TestTargetID = DE79BEEA1FD9331D00D62950;
					};
				};
			};
			buildConfigurationList = DE79BEE61FD9331D00D62950 /* Build configuration list for PBXProject "TipCalculator" */;
			compatibilityVersion = "Xcode 8.0";
			developmentRegion = en;
			hasScannedForEncodings = 0;
			knownRegions = (
				en,
				Base,
			);
			mainGroup = DE79BEE21FD9331D00D62950;
			productRefGroup = DE79BEEC1FD9331D00D62950 /* Products */;
			projectDirPath = "";
			projectRoot = "";
			targets = (
				DE79BEEA1FD9331D00D62950 /* TipCalculator */,
				DE79BEFE1FD9331D00D62950 /* TipCalculatorTests */,
				DE79BF091FD9331D00D62950 /* TipCalculatorUITests */,
			);
		};
/* End PBXProject section */

/* Begin PBXResourcesBuildPhase section */
		DE79BEE91FD9331D00D62950 /* Resources */ = {
			isa = PBXResourcesBuildPhase;
			buildActionMask = 2147483647;
			files = (
				DE79BEF91FD9331D00D62950 /* LaunchScreen.storyboard in Resources */,
				DE79BEF61FD9331D00D62950 /* Assets.xcassets in Resources */,
				DE79BEF41FD9331D00D62950 /* Main.storyboard in Resources */,
			);
			runOnlyForDeploymentPostprocessing = 0;
		};
		DE79BEFD1FD9331D00D62950 /* Resources */ = {
			isa = PBXResourcesBuildPhase;
			buildActionMask = 2147483647;
			files = (
			);
			runOnlyForDeploymentPostprocessing = 0;
		};
		DE79BF081FD9331D00D62950 /* Resources */ = {
			isa = PBXResourcesBuildPhase;
			buildActionMask = 2147483647;
			files = (
			);
			runOnlyForDeploymentPostprocessing = 0;
		};
/* End PBXResourcesBuildPhase section */

/* Begin PBXSourcesBuildPhase section */
		DE79BEE71FD9331D00D62950 /* Sources */ = {
			isa = PBXSourcesBuildPhase;
			buildActionMask = 2147483647;
			files = (
				DE79BEF11FD9331D00D62950 /* ViewController.swift in Sources */,
				DE79BEEF1FD9331D00D62950 /* AppDelegate.swift in Sources */,
			);
			runOnlyForDeploymentPostprocessing = 0;
		};
		DE79BEFB1FD9331D00D62950 /* Sources */ = {
			isa = PBXSourcesBuildPhase;
			buildActionMask = 2147483647;
			files = (
				DE79BF041FD9331D00D62950 /* TipCalculatorTests.swift in Sources */,
			);
			runOnlyForDeploymentPostprocessing = 0;
		};
		DE79BF061FD9331D00D62950 /* Sources */ = {
			isa = PBXSourcesBuildPhase;
			buildActionMask = 2147483647;
			files = (
				DE79BF0F1FD9331D00D62950 /* TipCalculatorUITests.swift in Sources */,
			);
			runOnlyForDeploymentPostprocessing = 0;
		};
/* End PBXSourcesBuildPhase section */

/* Begin PBXTargetDependency section */
		DE79BF011FD9331D00D62950 /* PBXTargetDependency */ = {
			isa = PBXTargetDependency;
			target = DE79BEEA1FD9331D00D62950 /* TipCalculator */;
			targetProxy = DE79BF001FD9331D00D62950 /* PBXContainerItemProxy */;
		};
		DE79BF0C1FD9331D00D62950 /* PBXTargetDependency */ = {
			isa = PBXTargetDependency;
			target = DE79BEEA1FD9331D00D62950 /* TipCalculator */;
			targetProxy = DE79BF0B1FD9331D00D62950 /* PBXContainerItemProxy */;
		};
/* End PBXTargetDependency section */

/* Begin PBXVariantGroup section */
		DE79BEF21FD9331D00D62950 /* Main.storyboard */ = {
			isa = PBXVariantGroup;
			children = (
				DE79BEF31FD9331D00D62950 /* Base */,
			);
			name = Main.storyboard;
			sourceTree = "<group>";
		};
		DE79BEF71FD9331D00D62950 /* LaunchScreen.storyboard */ = {
			isa = PBXVariantGroup;
			children = (
				DE79BEF81FD9331D00D62950 /* Base */,
			);
			name = LaunchScreen.storyboard;
			sourceTree = "<group>";
		};
/* End PBXVariantGroup section */

/* Begin XCBuildConfiguration section */
		DE79BF111FD9331D00D62950 /* Debug */ = {
			isa = XCBuildConfiguration;
			buildSettings = {
				ALWAYS_SEARCH_USER_PATHS = NO;
				CLANG_ANALYZER_NONNULL = YES;
				CLANG_ANALYZER_NUMBER_OBJECT_CONVERSION = YES_AGGRESSIVE;
				CLANG_CXX_LANGUAGE_STANDARD = "gnu++14";
				CLANG_CXX_LIBRARY = "libc++";
				CLANG_ENABLE_MODULES = YES;
				CLANG_ENABLE_OBJC_ARC = YES;
				CLANG_WARN_BLOCK_CAPTURE_AUTORELEASING = YES;
				CLANG_WARN_BOOL_CONVERSION = YES;
				CLANG_WARN_COMMA = YES;
				CLANG_WARN_CONSTANT_CONVERSION = YES;
				CLANG_WARN_DIRECT_OBJC_ISA_USAGE = YES_ERROR;
				CLANG_WARN_DOCUMENTATION_COMMENTS = YES;
				CLANG_WARN_EMPTY_BODY = YES;
				CLANG_WARN_ENUM_CONVERSION = YES;
				CLANG_WARN_INFINITE_RECURSION = YES;
				CLANG_WARN_INT_CONVERSION = YES;
				CLANG_WARN_NON_LITERAL_NULL_CONVERSION = YES;
				CLANG_WARN_OBJC_LITERAL_CONVERSION = YES;
				CLANG_WARN_OBJC_ROOT_CLASS = YES_ERROR;
				CLANG_WARN_RANGE_LOOP_ANALYSIS = YES;
				CLANG_WARN_STRICT_PROTOTYPES = YES;
				CLANG_WARN_SUSPICIOUS_MOVE = YES;
				CLANG_WARN_UNGUARDED_AVAILABILITY = YES_AGGRESSIVE;
				CLANG_WARN_UNREACHABLE_CODE = YES;
				CLANG_WARN__DUPLICATE_METHOD_MATCH = YES;
				CODE_SIGN_IDENTITY = "iPhone Developer";
				COPY_PHASE_STRIP = NO;
				DEBUG_INFORMATION_FORMAT = dwarf;
				ENABLE_STRICT_OBJC_MSGSEND = YES;
				ENABLE_TESTABILITY = YES;
				GCC_C_LANGUAGE_STANDARD = gnu11;
				GCC_DYNAMIC_NO_PIC = NO;
				GCC_NO_COMMON_BLOCKS = YES;
				GCC_OPTIMIZATION_LEVEL = 0;
				GCC_PREPROCESSOR_DEFINITIONS = (
					"DEBUG=1",
					"$(inherited)",
				);
				GCC_WARN_64_TO_32_BIT_CONVERSION = YES;
				GCC_WARN_ABOUT_RETURN_TYPE = YES_ERROR;
				GCC_WARN_UNDECLARED_SELECTOR = YES;
				GCC_WARN_UNINITIALIZED_AUTOS = YES_AGGRESSIVE;
				GCC_WARN_UNUSED_FUNCTION = YES;
				GCC_WARN_UNUSED_VARIABLE = YES;
				IPHONEOS_DEPLOYMENT_TARGET = 11.1;
				MTL_ENABLE_DEBUG_INFO = YES;
				ONLY_ACTIVE_ARCH = YES;
				SDKROOT = iphoneos;
				SWIFT_ACTIVE_COMPILATION_CONDITIONS = DEBUG;
				SWIFT_OPTIMIZATION_LEVEL = "-Onone";
			};
			name = Debug;
		};
		DE79BF121FD9331D00D62950 /* Release */ = {
			isa = XCBuildConfiguration;
			buildSettings = {
				ALWAYS_SEARCH_USER_PATHS = NO;
				CLANG_ANALYZER_NONNULL = YES;
				CLANG_ANALYZER_NUMBER_OBJECT_CONVERSION = YES_AGGRESSIVE;
				CLANG_CXX_LANGUAGE_STANDARD = "gnu++14";
				CLANG_CXX_LIBRARY = "libc++";
				CLANG_ENABLE_MODULES = YES;
				CLANG_ENABLE_OBJC_ARC = YES;
				CLANG_WARN_BLOCK_CAPTURE_AUTORELEASING = YES;
				CLANG_WARN_BOOL_CONVERSION = YES;
				CLANG_WARN_COMMA = YES;
				CLANG_WARN_CONSTANT_CONVERSION = YES;
				CLANG_WARN_DIRECT_OBJC_ISA_USAGE = YES_ERROR;
				CLANG_WARN_DOCUMENTATION_COMMENTS = YES;
				CLANG_WARN_EMPTY_BODY = YES;
				CLANG_WARN_ENUM_CONVERSION = YES;
				CLANG_WARN_INFINITE_RECURSION = YES;
				CLANG_WARN_INT_CONVERSION = YES;
				CLANG_WARN_NON_LITERAL_NULL_CONVERSION = YES;
				CLANG_WARN_OBJC_LITERAL_CONVERSION = YES;
				CLANG_WARN_OBJC_ROOT_CLASS = YES_ERROR;
				CLANG_WARN_RANGE_LOOP_ANALYSIS = YES;
				CLANG_WARN_STRICT_PROTOTYPES = YES;
				CLANG_WARN_SUSPICIOUS_MOVE = YES;
				CLANG_WARN_UNGUARDED_AVAILABILITY = YES_AGGRESSIVE;
				CLANG_WARN_UNREACHABLE_CODE = YES;
				CLANG_WARN__DUPLICATE_METHOD_MATCH = YES;
				CODE_SIGN_IDENTITY = "iPhone Developer";
				COPY_PHASE_STRIP = NO;
				DEBUG_INFORMATION_FORMAT = "dwarf-with-dsym";
				ENABLE_NS_ASSERTIONS = NO;
				ENABLE_STRICT_OBJC_MSGSEND = YES;
				GCC_C_LANGUAGE_STANDARD = gnu11;
				GCC_NO_COMMON_BLOCKS = YES;
				GCC_WARN_64_TO_32_BIT_CONVERSION = YES;
				GCC_WARN_ABOUT_RETURN_TYPE = YES_ERROR;
				GCC_WARN_UNDECLARED_SELECTOR = YES;
				GCC_WARN_UNINITIALIZED_AUTOS = YES_AGGRESSIVE;
				GCC_WARN_UNUSED_FUNCTION = YES;
				GCC_WARN_UNUSED_VARIABLE = YES;
				IPHONEOS_DEPLOYMENT_TARGET = 11.1;
				MTL_ENABLE_DEBUG_INFO = NO;
				SDKROOT = iphoneos;
				SWIFT_OPTIMIZATION_LEVEL = "-Owholemodule";
				VALIDATE_PRODUCT = YES;
			};
			name = Release;
		};
		DE79BF141FD9331D00D62950 /* Debug */ = {
			isa = XCBuildConfiguration;
			buildSettings = {
				ASSETCATALOG_COMPILER_APPICON_NAME = AppIcon;
				CODE_SIGN_STYLE = Automatic;
				INFOPLIST_FILE = TipCalculator/Info.plist;
				LD_RUNPATH_SEARCH_PATHS = "$(inherited) @executable_path/Frameworks";
				PRODUCT_BUNDLE_IDENTIFIER = mac.TipCalculator;
				PRODUCT_NAME = "$(TARGET_NAME)";
				SWIFT_VERSION = 4.0;
				TARGETED_DEVICE_FAMILY = "1,2";
			};
			name = Debug;
		};
		DE79BF151FD9331D00D62950 /* Release */ = {
			isa = XCBuildConfiguration;
			buildSettings = {
				ASSETCATALOG_COMPILER_APPICON_NAME = AppIcon;
				CODE_SIGN_STYLE = Automatic;
				INFOPLIST_FILE = TipCalculator/Info.plist;
				LD_RUNPATH_SEARCH_PATHS = "$(inherited) @executable_path/Frameworks";
				PRODUCT_BUNDLE_IDENTIFIER = mac.TipCalculator;
				PRODUCT_NAME = "$(TARGET_NAME)";
				SWIFT_VERSION = 4.0;
				TARGETED_DEVICE_FAMILY = "1,2";
			};
			name = Release;
		};
		DE79BF171FD9331D00D62950 /* Debug */ = {
			isa = XCBuildConfiguration;
			buildSettings = {
				ALWAYS_EMBED_SWIFT_STANDARD_LIBRARIES = YES;
				BUNDLE_LOADER = "$(TEST_HOST)";
				CODE_SIGN_STYLE = Automatic;
				INFOPLIST_FILE = TipCalculatorTests/Info.plist;
				LD_RUNPATH_SEARCH_PATHS = "$(inherited) @executable_path/Frameworks @loader_path/Frameworks";
				PRODUCT_BUNDLE_IDENTIFIER = mac.TipCalculatorTests;
				PRODUCT_NAME = "$(TARGET_NAME)";
				SWIFT_VERSION = 4.0;
				TARGETED_DEVICE_FAMILY = "1,2";
				TEST_HOST = "$(BUILT_PRODUCTS_DIR)/TipCalculator.app/TipCalculator";
			};
			name = Debug;
		};
		DE79BF181FD9331D00D62950 /* Release */ = {
			isa = XCBuildConfiguration;
			buildSettings = {
				ALWAYS_EMBED_SWIFT_STANDARD_LIBRARIES = YES;
				BUNDLE_LOADER = "$(TEST_HOST)";
				CODE_SIGN_STYLE = Automatic;
				INFOPLIST_FILE = TipCalculatorTests/Info.plist;
				LD_RUNPATH_SEARCH_PATHS = "$(inherited) @executable_path/Frameworks @loader_path/Frameworks";
				PRODUCT_BUNDLE_IDENTIFIER = mac.TipCalculatorTests;
				PRODUCT_NAME = "$(TARGET_NAME)";
				SWIFT_VERSION = 4.0;
				TARGETED_DEVICE_FAMILY = "1,2";
				TEST_HOST = "$(BUILT_PRODUCTS_DIR)/TipCalculator.app/TipCalculator";
			};
			name = Release;
		};
		DE79BF1A1FD9331D00D62950 /* Debug */ = {
			isa = XCBuildConfiguration;
			buildSettings = {
				ALWAYS_EMBED_SWIFT_STANDARD_LIBRARIES = YES;
				CODE_SIGN_STYLE = Automatic;
				INFOPLIST_FILE = TipCalculatorUITests/Info.plist;
				LD_RUNPATH_SEARCH_PATHS = "$(inherited) @executable_path/Frameworks @loader_path/Frameworks";
				PRODUCT_BUNDLE_IDENTIFIER = mac.TipCalculatorUITests;
				PRODUCT_NAME = "$(TARGET_NAME)";
				SWIFT_VERSION = 4.0;
				TARGETED_DEVICE_FAMILY = "1,2";
				TEST_TARGET_NAME = TipCalculator;
			};
			name = Debug;
		};
		DE79BF1B1FD9331D00D62950 /* Release */ = {
			isa = XCBuildConfiguration;
			buildSettings = {
				ALWAYS_EMBED_SWIFT_STANDARD_LIBRARIES = YES;
				CODE_SIGN_STYLE = Automatic;
				INFOPLIST_FILE = TipCalculatorUITests/Info.plist;
				LD_RUNPATH_SEARCH_PATHS = "$(inherited) @executable_path/Frameworks @loader_path/Frameworks";
				PRODUCT_BUNDLE_IDENTIFIER = mac.TipCalculatorUITests;
				PRODUCT_NAME = "$(TARGET_NAME)";
				SWIFT_VERSION = 4.0;
				TARGETED_DEVICE_FAMILY = "1,2";
				TEST_TARGET_NAME = TipCalculator;
			};
			name = Release;
		};
/* End XCBuildConfiguration section */

/* Begin XCConfigurationList section */
		DE79BEE61FD9331D00D62950 /* Build configuration list for PBXProject "TipCalculator" */ = {
			isa = XCConfigurationList;
			buildConfigurations = (
				DE79BF111FD9331D00D62950 /* Debug */,
				DE79BF121FD9331D00D62950 /* Release */,
			);
			defaultConfigurationIsVisible = 0;
			defaultConfigurationName = Release;
		};
		DE79BF131FD9331D00D62950 /* Build configuration list for PBXNativeTarget "TipCalculator" */ = {
			isa = XCConfigurationList;
			buildConfigurations = (
				DE79BF141FD9331D00D62950 /* Debug */,
				DE79BF151FD9331D00D62950 /* Release */,
			);
			defaultConfigurationIsVisible = 0;
			defaultConfigurationName = Release;
		};
		DE79BF161FD9331D00D62950 /* Build configuration list for PBXNativeTarget "TipCalculatorTests" */ = {
			isa = XCConfigurationList;
			buildConfigurations = (
				DE79BF171FD9331D00D62950 /* Debug */,
				DE79BF181FD9331D00D62950 /* Release */,
			);
			defaultConfigurationIsVisible = 0;
			defaultConfigurationName = Release;
		};
		DE79BF191FD9331D00D62950 /* Build configuration list for PBXNativeTarget "TipCalculatorUITests" */ = {
			isa = XCConfigurationList;
			buildConfigurations = (
				DE79BF1A1FD9331D00D62950 /* Debug */,
				DE79BF1B1FD9331D00D62950 /* Release */,
			);
			defaultConfigurationIsVisible = 0;
			defaultConfigurationName = Release;
		};
/* End XCConfigurationList section */
	};
	rootObject = DE79BEE31FD9331D00D62950 /* Project object */;
}
